# This file is autogenerated, do not edit; changes may be undone by the next 'dep ensure'.


[[projects]]
  digest = "1:70792ca3a262117f2135feb54379a0399fc8afb267edc64a16ee278dd431a619"
  name = "github.com/Luzifer/go_helpers"
  packages = [
    "accessLogger",
    "http",
    "str",
  ]
  pruneopts = "NUT"
  revision = "bbca4398656b348ce285438ca3dffb1fce6a3f4b"
  version = "v2.8.1"

[[projects]]
  digest = "1:f6cc072a289a686fda22819d871cd1b0407640141b2f6616dfbab957c96bf6c3"
  name = "github.com/Luzifer/rconfig"
  packages = ["."]
  pruneopts = "NUT"
  revision = "5b80190bff90ccb9899db31e45baac7b1bede03b"
  version = "v2.2.0"

[[projects]]
  digest = "1:5def4c586cde076560668aa93b48cb6b877a3f54d95b5ee2340068ad5f44cffd"
  name = "github.com/SlyMarbo/rss"
  packages = ["."]
  pruneopts = "NUT"
  revision = "68c09f6cb0320b178346a4437bf43021008cc9b6"
  version = "v1.0.1"

[[projects]]
  branch = "master"
  digest = "1:d94a8160b152cbb4cbb5a4a6acf07f223b8c01e97ffb7298c03efe668533b0ac"
  name = "github.com/axgle/mahonia"
  packages = ["."]
  pruneopts = "NUT"
  revision = "3358181d7394e26beccfae0ffde05193ef3be33a"

[[projects]]
  digest = "1:a12d94258c5298ead75e142e8001224bf029f302fed9e96cd39c0eaf90f3954d"
  name = "github.com/boltdb/bolt"
  packages = ["."]
  pruneopts = "NUT"
  revision = "2f1ce7a837dcb8da3ec595b1dac9d0632f0f99e8"
  version = "v1.3.1"

[[projects]]
  branch = "master"
  digest = "1:59f484a98ef5c9afb680801aa8984a1a37361f030129bc1517320bb42012c4c3"
  name = "github.com/emersion/go-ostatus"
  packages = [
    ".",
    "activitystream",
    "pubsubhubbub",
    "salmon",
    "xrd",
    "xrd/hostmeta",
    "xrd/lrdd",
    "xrd/webfinger",
  ]
  pruneopts = "NUT"
  revision = "30adf6a5e3a9208ee7b364b319e71bd2f59b5d3b"

[[projects]]
  digest = "1:4059c14e87a2de3a434430340521b5feece186c1469eff0834c29a63870de3ed"
  name = "github.com/konsorten/go-windows-terminal-sequences"
  packages = ["."]
  pruneopts = "NUT"
  revision = "5c8c8bd35d3832f5d134ae1e1e375b69a4d25242"
  version = "v1.0.1"

[[projects]]
  digest = "1:5cf3f025cbee5951a4ee961de067c8a89fc95a5adabead774f82822efabab121"
  name = "github.com/pkg/errors"
  packages = ["."]
  pruneopts = "NUT"
  revision = "645ef00459ed84a119197bfb8d8205042c6df63d"
  version = "v0.8.0"

[[projects]]
  digest = "1:d848e2bdc690ea54c4b49894b67a05db318a97ee6561879b814c2c1f82f61406"
  name = "github.com/sirupsen/logrus"
  packages = ["."]
  pruneopts = "NUT"
  revision = "bcd833dfe83d3cebad139e4a29ed79cb2318bf95"
  version = "v1.2.0"

[[projects]]
  digest = "1:9d8420bbf131d1618bde6530af37c3799340d3762cc47210c1d9532a4c3a2779"
  name = "github.com/spf13/pflag"
  packages = ["."]
  pruneopts = "NUT"
  revision = "298182f68c66c05229eb03ac171abe6e309ee79a"
  version = "v1.0.3"

[[projects]]
  branch = "master"
  digest = "1:3f3a05ae0b95893d90b9b3b5afdb79a9b3d96e4e36e099d841ae602e4aca0da8"
  name = "golang.org/x/crypto"
  packages = ["ssh/terminal"]
  pruneopts = "NUT"
  revision = "3d3f9f413869b949e48070b5bc593aa22cc2b8f2"

[[projects]]
  branch = "master"
  digest = "1:710483a12b766fb0e99ab26cbf6f82df2d958e94cb28890fcb2db96f76d39762"
  name = "golang.org/x/sys"
  packages = [
    "unix",
    "windows",
  ]
  pruneopts = "NUT"
  revision = "0cf1ed9e522b7dbb416f080a5c8003de9b702bf4"

[[projects]]
  branch = "v2"
  digest = "1:1ab6db2d2bd353449c5d1e976ba7a92a0ece6e83aaab3e6674f8f2f1faebb85a"
  name = "gopkg.in/validator.v2"
  packages = ["."]
  pruneopts = "NUT"
  revision = "135c24b11c19e52befcae2ec3fca5d9b78c4e98e"

[[projects]]
  digest = "1:7c95b35057a0ff2e19f707173cc1a947fa43a6eb5c4d300d196ece0334046082"
  name = "gopkg.in/yaml.v2"
  packages = ["."]
  pruneopts = "NUT"
  revision = "5420a8b6744d3b0345ab293f6fcba19c978f1183"
  version = "v2.2.1"

[solve-meta]
  analyzer-name = "dep"
  analyzer-version = 1
  input-imports = [
    "github.com/Luzifer/go_helpers/http",
    "github.com/Luzifer/rconfig",
    "github.com/SlyMarbo/rss",
    "github.com/boltdb/bolt",
    "github.com/emersion/go-ostatus",
    "github.com/emersion/go-ostatus/activitystream",
    "github.com/emersion/go-ostatus/pubsubhubbub",
    "github.com/emersion/go-ostatus/salmon",
    "github.com/emersion/go-ostatus/xrd",
    "github.com/emersion/go-ostatus/xrd/lrdd",
    "github.com/emersion/go-ostatus/xrd/webfinger",
    "github.com/pkg/errors",
    "github.com/sirupsen/logrus",
    "gopkg.in/yaml.v2",
  ]
  solver-name = "gps-cdcl"
  solver-version = 1
